
Microsoft Visual Studio Solution File, Format Version 12.00
# Visual Studio Version 16
VisualStudioVersion = 16.0.30711.63
MinimumVisualStudioVersion = 10.0.40219.1
Project("{FAE04EC0-301F-11D3-BF4B-00C04F79EFBC}") = "DZ-13 Banking system", "DZ-13 Banking system.csproj", "{CE4E175C-BC63-4D14-B0BC-F43A57249393}"
EndProject
Project("{FAE04EC0-301F-11D3-BF4B-00C04F79EFBC}") = "Base Bank Substances Library", "Base Bank  Substances\Base Bank Substances Library.csproj", "{E19E0941-AC9D-4563-B90B-BD9CDD9E932D}"
EndProject
Global
	GlobalSection(SolutionConfigurationPlatforms) = preSolution
		Debug|Any CPU = Debug|Any CPU
		Release|Any CPU = Release|Any CPU
	EndGlobalSection
	GlobalSection(ProjectConfigurationPlatforms) = postSolution
		{CE4E175C-BC63-4D14-B0BC-F43A57249393}.Debug|Any CPU.ActiveCfg = Debug|Any CPU
		{CE4E175C-BC63-4D14-B0BC-F43A57249393}.Debug|Any CPU.Build.0 = Debug|Any CPU
		{CE4E175C-BC63-4D14-B0BC-F43A57249393}.Release|Any CPU.ActiveCfg = Release|Any CPU
		{CE4E175C-BC63-4D14-B0BC-F43A57249393}.Release|Any CPU.Build.0 = Release|Any CPU
		{E19E0941-AC9D-4563-B90B-BD9CDD9E932D}.Debug|Any CPU.ActiveCfg = Debug|Any CPU
		{E19E0941-AC9D-4563-B90B-BD9CDD9E932D}.Debug|Any CPU.Build.0 = Debug|Any CPU
		{E19E0941-AC9D-4563-B90B-BD9CDD9E932D}.Release|Any CPU.ActiveCfg = Release|Any CPU
		{E19E0941-AC9D-4563-B90B-BD9CDD9E932D}.Release|Any CPU.Build.0 = Release|Any CPU
	EndGlobalSection
	GlobalSection(SolutionProperties) = preSolution
		HideSolutionNode = FALSE
	EndGlobalSection
	GlobalSection(ExtensibilityGlobals) = postSolution
		SolutionGuid = {F78674BE-2DD3-4807-B92D-ABB4B9027C4E}
	EndGlobalSection
EndGlobal
